
Microsoft Visual Studio Solution File, Format Version 12.00
# Visual Studio 15
VisualStudioVersion = 15.0.28307.168
MinimumVisualStudioVersion = 10.0.40219.1
Project("{FAE04EC0-301F-11D3-BF4B-00C04F79EFBC}") = "WindowsFormsApp1", "WindowsFormsApp1\WindowsFormsApp1.csproj", "{96D76799-6805-46B4-8FF9-5A8A04829B9D}"
EndProject
Global
	GlobalSection(SolutionConfigurationPlatforms) = preSolution
		Debug|Any CPU = Debug|Any CPU
		Release|Any CPU = Release|Any CPU
	EndGlobalSection
	GlobalSection(ProjectConfigurationPlatforms) = postSolution
		{96D76799-6805-46B4-8FF9-5A8A04829B9D}.Debug|Any CPU.ActiveCfg = Debug|Any CPU
		{96D76799-6805-46B4-8FF9-5A8A04829B9D}.Debug|Any CPU.Build.0 = Debug|Any CPU
		{96D76799-6805-46B4-8FF9-5A8A04829B9D}.Release|Any CPU.ActiveCfg = Release|Any CPU
		{96D76799-6805-46B4-8FF9-5A8A04829B9D}.Release|Any CPU.Build.0 = Release|Any CPU
	EndGlobalSection
	GlobalSection(SolutionProperties) = preSolution
		HideSolutionNode = FALSE
	EndGlobalSection
	GlobalSection(ExtensibilityGlobals) = postSolution
		SolutionGuid = {B31592D4-42FB-4D1B-940A-181BC3792438}
	EndGlobalSection
EndGlobal
